
Microsoft Visual Studio Solution File, Format Version 12.00
# Visual Studio 15
VisualStudioVersion = 15.0.27428.2037
MinimumVisualStudioVersion = 10.0.40219.1
Project("{FAE04EC0-301F-11D3-BF4B-00C04F79EFBC}") = "appCajero2017", "appCajero2017\appCajero2017.csproj", "{B164F3E1-FA23-45ED-A93E-2466F0B46186}"
EndProject
Global
	GlobalSection(SolutionConfigurationPlatforms) = preSolution
		Debug|Any CPU = Debug|Any CPU
		Release|Any CPU = Release|Any CPU
	EndGlobalSection
	GlobalSection(ProjectConfigurationPlatforms) = postSolution
		{B164F3E1-FA23-45ED-A93E-2466F0B46186}.Debug|Any CPU.ActiveCfg = Debug|Any CPU
		{B164F3E1-FA23-45ED-A93E-2466F0B46186}.Debug|Any CPU.Build.0 = Debug|Any CPU
		{B164F3E1-FA23-45ED-A93E-2466F0B46186}.Release|Any CPU.ActiveCfg = Release|Any CPU
		{B164F3E1-FA23-45ED-A93E-2466F0B46186}.Release|Any CPU.Build.0 = Release|Any CPU
	EndGlobalSection
	GlobalSection(SolutionProperties) = preSolution
		HideSolutionNode = FALSE
	EndGlobalSection
	GlobalSection(ExtensibilityGlobals) = postSolution
		SolutionGuid = {D65B7884-C102-4305-A0D9-58C85079D948}
	EndGlobalSection
EndGlobal
